
Microsoft Visual Studio Solution File, Format Version 12.00
# Visual Studio Version 16
VisualStudioVersion = 16.0.29519.181
MinimumVisualStudioVersion = 10.0.40219.1
Project("{E24C65DC-7377-472B-9ABA-BC803B73C61A}") = "Xpinn.Arion.Web", "Xpinn.Arion.Web\", "{BAF66DC1-E394-4424-80ED-4E6C35E99B89}"
	ProjectSection(WebsiteProperties) = preProject
		SccProjectName = "SAK"
		SccAuxPath = "SAK"
		SccLocalPath = "SAK"
		SccProvider = "SAK"
		TargetFrameworkMoniker = ".NETFramework,Version%3Dv4.5"
		ProjectReferences = "{1DC267F2-1877-46D6-AF5E-F92EB286DFC4}|Xpinn.Util.dll;"
		Debug.AspNetCompiler.VirtualPath = "/Xpinn.Arion.Web"
		Debug.AspNetCompiler.PhysicalPath = "Xpinn.Arion.Web\"
		Debug.AspNetCompiler.TargetPath = "PrecompiledWeb\Xpinn.Arion.Web\"
		Debug.AspNetCompiler.Updateable = "true"
		Debug.AspNetCompiler.ForceOverwrite = "true"
		Debug.AspNetCompiler.FixedNames = "false"
		Debug.AspNetCompiler.Debug = "True"
		Release.AspNetCompiler.VirtualPath = "/Xpinn.Arion.Web"
		Release.AspNetCompiler.PhysicalPath = "Xpinn.Arion.Web\"
		Release.AspNetCompiler.TargetPath = "PrecompiledWeb\Xpinn.Arion.Web\"
		Release.AspNetCompiler.Updateable = "true"
		Release.AspNetCompiler.ForceOverwrite = "true"
		Release.AspNetCompiler.FixedNames = "false"
		Release.AspNetCompiler.Debug = "False"
		VWDPort = "32189"
		SlnRelativePath = "Xpinn.Arion.Web\"
		DefaultWebSiteLanguage = "Visual C#"
	EndProjectSection
	ProjectSection(SvnOrigin) = preProject
		@Keys = Enlist,Svn.Uri
		Enlist = Required
		Svn.Uri = Xpinn.Arion.Web/
	EndProjectSection
EndProject
Project("{2150E333-8FDC-42A3-9474-1A3956D46DE8}") = "Business", "Business", "{54EDF4B3-0590-4368-9036-6C946CB9E46C}"
EndProject
Project("{2150E333-8FDC-42A3-9474-1A3956D46DE8}") = "Services", "Services", "{6D4A10F1-1D86-4B2D-A959-651F8FF2C927}"
EndProject
Project("{2150E333-8FDC-42A3-9474-1A3956D46DE8}") = "Data", "Data", "{0769734A-E75B-4846-AD15-B4922E600B10}"
EndProject
Project("{2150E333-8FDC-42A3-9474-1A3956D46DE8}") = "Util", "Util", "{4AC82135-2C9D-4761-AB42-F9A51695C0DD}"
EndProject
Project("{2150E333-8FDC-42A3-9474-1A3956D46DE8}") = "Presentation", "Presentation", "{E5C2DD08-2405-436F-96B2-FCF555733FEE}"
EndProject
Project("{FAE04EC0-301F-11D3-BF4B-00C04F79EFBC}") = "Xpinn.Util", "Xpinn.Util\Xpinn.Util.csproj", "{1DC267F2-1877-46D6-AF5E-F92EB286DFC4}"
EndProject
Project("{E24C65DC-7377-472B-9ABA-BC803B73C61A}") = "Xpinn.Atencion.Web", "Xpinn.Atencion.Web", "{6385D11D-EC94-4F53-8B0D-5970BD97BA4B}"
	ProjectSection(WebsiteProperties) = preProject
		SccProjectName = "SAK"
		SccAuxPath = "SAK"
		SccLocalPath = "SAK"
		SccProvider = "SAK"
		TargetFrameworkMoniker = ".NETFramework,Version%3Dv4.5"
		ProjectReferences = "{1DC267F2-1877-46D6-AF5E-F92EB286DFC4}|Xpinn.Util.dll;"
		Debug.AspNetCompiler.VirtualPath = "/Xpinn.Atencion.Web"
		Debug.AspNetCompiler.PhysicalPath = "Xpinn.Atencion.Web\"
		Debug.AspNetCompiler.TargetPath = "PrecompiledWeb\Xpinn.Atencion.Web\"
		Debug.AspNetCompiler.Updateable = "true"
		Debug.AspNetCompiler.ForceOverwrite = "true"
		Debug.AspNetCompiler.FixedNames = "false"
		Debug.AspNetCompiler.Debug = "True"
		Release.AspNetCompiler.VirtualPath = "/Xpinn.Atencion.Web"
		Release.AspNetCompiler.PhysicalPath = "Xpinn.Atencion.Web\"
		Release.AspNetCompiler.TargetPath = "PrecompiledWeb\Xpinn.Atencion.Web\"
		Release.AspNetCompiler.Updateable = "true"
		Release.AspNetCompiler.ForceOverwrite = "true"
		Release.AspNetCompiler.FixedNames = "false"
		Release.AspNetCompiler.Debug = "False"
		VWDPort = "32192"
	EndProjectSection
EndProject
Project("{FAE04EC0-301F-11D3-BF4B-00C04F79EFBC}") = "Xpinn.FabricaCreditos.Services", "Xpinn.FabricaCreditos.Services\Xpinn.FabricaCreditos.Services.csproj", "{283FA80B-FCB4-4025-AEF1-E552A4714A22}"
EndProject
Project("{FAE04EC0-301F-11D3-BF4B-00C04F79EFBC}") = "Xpinn.Comun.Services", "Xpinn.Comun.Services\Xpinn.Comun.Services.csproj", "{17881252-3182-46F3-B514-96F2BB2A9723}"
EndProject
Project("{FAE04EC0-301F-11D3-BF4B-00C04F79EFBC}") = "Xpinn.Comun.Data", "Xpinn.Comun.Data\Xpinn.Comun.Data.csproj", "{35B70C1B-09D0-4408-8803-050D953999AE}"
EndProject
Project("{FAE04EC0-301F-11D3-BF4B-00C04F79EFBC}") = "Xpinn.FabricaCreditos.Data", "Xpinn.FabricaCreditos.Data\Xpinn.FabricaCreditos.Data.csproj", "{C3286EB8-9CA3-4892-AB91-4216BACD4B9D}"
EndProject
Project("{FAE04EC0-301F-11D3-BF4B-00C04F79EFBC}") = "Xpinn.FabricaCreditos.Business", "Xpinn.FabricaCreditos.Business\Xpinn.FabricaCreditos.Business.csproj", "{6003754E-7475-4DA3-BDD0-6AFDD9AAC60D}"
EndProject
Project("{FAE04EC0-301F-11D3-BF4B-00C04F79EFBC}") = "Xpinn.Comun.Business", "Xpinn.Comun.Business\Xpinn.Comun.Business.csproj", "{0A706125-BC3F-473E-8708-8BB2104E0C6B}"
EndProject
Project("{FAE04EC0-301F-11D3-BF4B-00C04F79EFBC}") = "Xpinn.Comun.Entities", "Xpinn.Comun.Entities\Xpinn.Comun.Entities.csproj", "{955A6F00-17CF-4CB4-97F7-B8E98E9B3297}"
EndProject
Project("{FAE04EC0-301F-11D3-BF4B-00C04F79EFBC}") = "Xpinn.FabricaCreditos.Entities", "Xpinn.FabricaCreditos.Entities\Xpinn.FabricaCreditos.Entities.csproj", "{B89884F6-511B-466D-9338-51FC7A656792}"
EndProject
Project("{FAE04EC0-301F-11D3-BF4B-00C04F79EFBC}") = "Xpinn.Seguridad.Entities", "Xpinn.Seguridad.Entities\Xpinn.Seguridad.Entities.csproj", "{C4E2075D-D639-4808-96D4-E3B4A284EE5B}"
EndProject
Project("{FAE04EC0-301F-11D3-BF4B-00C04F79EFBC}") = "Xpinn.Seguridad.Data", "Xpinn.Seguridad.Data\Xpinn.Seguridad.Data.csproj", "{4EB73617-D43C-42DE-8E32-EF0002AA8E08}"
EndProject
Project("{FAE04EC0-301F-11D3-BF4B-00C04F79EFBC}") = "Xpinn.ActivosFijos.Data", "Xpinn.ActivosFijos.Data\Xpinn.ActivosFijos.Data.csproj", "{54F3AE72-03E5-4C42-87C2-67426A81BCCF}"
EndProject
Project("{FAE04EC0-301F-11D3-BF4B-00C04F79EFBC}") = "Xpinn.Seguridad.Services", "Xpinn.Seguridad.Services\Xpinn.Seguridad.Services.csproj", "{7302B19E-30EA-44DE-9D12-0C7DF10FB9A1}"
EndProject
Project("{FAE04EC0-301F-11D3-BF4B-00C04F79EFBC}") = "Xpinn.ActivosFijos.Services", "Xpinn.ActivosFijos.Services\Xpinn.ActivosFijos.Services.csproj", "{F348C282-12D2-4460-B46B-06DE8BCC4AC2}"
EndProject
Project("{FAE04EC0-301F-11D3-BF4B-00C04F79EFBC}") = "Xpinn.ActivosFijos.Business", "Xpinn.ActivosFijos.Business\Xpinn.ActivosFijos.Business.csproj", "{EFD64810-EF51-4C6C-88B3-47E8C0CF776E}"
EndProject
Project("{FAE04EC0-301F-11D3-BF4B-00C04F79EFBC}") = "Xpinn.ActivosFijos.Entities", "Xpinn.ActivosFijos.Entities\Xpinn.ActivosFijos.Entities.csproj", "{056D6B80-CCD1-4194-86E8-467FBF1A48AA}"
EndProject
Project("{FAE04EC0-301F-11D3-BF4B-00C04F79EFBC}") = "Xpinn.Contabilidad.Business", "Xpinn.Contabilidad.Business\Xpinn.Contabilidad.Business.csproj", "{1C37228B-41B6-4309-B3D4-D8A05DD0DA18}"
EndProject
Project("{FAE04EC0-301F-11D3-BF4B-00C04F79EFBC}") = "Xpinn.Contabilidad.Entities", "Xpinn.Contabilidad.Entities\Xpinn.Contabilidad.Entities.csproj", "{E784BD0B-D163-43A7-92F7-C65A3B1EC299}"
EndProject
Project("{FAE04EC0-301F-11D3-BF4B-00C04F79EFBC}") = "Xpinn.Contabilidad.Data", "Xpinn.Contabilidad.Data\Xpinn.Contabilidad.Data.csproj", "{600D29E1-4CBD-4A63-B4AA-FE4E4DE436DE}"
EndProject
Project("{FAE04EC0-301F-11D3-BF4B-00C04F79EFBC}") = "Xpinn.Contabilidad.Services", "Xpinn.Contabilidad.Services\Xpinn.Contabilidad.Services.csproj", "{4BBA7329-9AB3-48B8-AA2E-9696BD60B2EF}"
EndProject
Global
	GlobalSection(SolutionConfigurationPlatforms) = preSolution
		Debug|Any CPU = Debug|Any CPU
		Debug|Mixed Platforms = Debug|Mixed Platforms
		Debug|x64 = Debug|x64
		Debug|x86 = Debug|x86
		Release|Any CPU = Release|Any CPU
		Release|Mixed Platforms = Release|Mixed Platforms
		Release|x64 = Release|x64
		Release|x86 = Release|x86
		Description = -
	EndGlobalSection
	GlobalSection(ProjectConfigurationPlatforms) = postSolution
		{BAF66DC1-E394-4424-80ED-4E6C35E99B89}.Debug|Any CPU.ActiveCfg = Debug|Any CPU
		{BAF66DC1-E394-4424-80ED-4E6C35E99B89}.Debug|Mixed Platforms.ActiveCfg = Debug|Any CPU
		{BAF66DC1-E394-4424-80ED-4E6C35E99B89}.Debug|Mixed Platforms.Build.0 = Debug|Any CPU
		{BAF66DC1-E394-4424-80ED-4E6C35E99B89}.Debug|x64.ActiveCfg = Debug|Any CPU
		{BAF66DC1-E394-4424-80ED-4E6C35E99B89}.Debug|x86.ActiveCfg = Debug|Any CPU
		{BAF66DC1-E394-4424-80ED-4E6C35E99B89}.Release|Any CPU.ActiveCfg = Debug|Any CPU
		{BAF66DC1-E394-4424-80ED-4E6C35E99B89}.Release|Any CPU.Build.0 = Debug|Any CPU
		{BAF66DC1-E394-4424-80ED-4E6C35E99B89}.Release|Mixed Platforms.ActiveCfg = Debug|Any CPU
		{BAF66DC1-E394-4424-80ED-4E6C35E99B89}.Release|Mixed Platforms.Build.0 = Debug|Any CPU
		{BAF66DC1-E394-4424-80ED-4E6C35E99B89}.Release|x64.ActiveCfg = Debug|Any CPU
		{BAF66DC1-E394-4424-80ED-4E6C35E99B89}.Release|x86.ActiveCfg = Debug|Any CPU
		{1DC267F2-1877-46D6-AF5E-F92EB286DFC4}.Debug|Any CPU.ActiveCfg = Debug|Any CPU
		{1DC267F2-1877-46D6-AF5E-F92EB286DFC4}.Debug|Any CPU.Build.0 = Debug|Any CPU
		{1DC267F2-1877-46D6-AF5E-F92EB286DFC4}.Debug|Mixed Platforms.ActiveCfg = Debug|Any CPU
		{1DC267F2-1877-46D6-AF5E-F92EB286DFC4}.Debug|Mixed Platforms.Build.0 = Debug|Any CPU
		{1DC267F2-1877-46D6-AF5E-F92EB286DFC4}.Debug|x64.ActiveCfg = Debug|Any CPU
		{1DC267F2-1877-46D6-AF5E-F92EB286DFC4}.Debug|x64.Build.0 = Debug|Any CPU
		{1DC267F2-1877-46D6-AF5E-F92EB286DFC4}.Debug|x86.ActiveCfg = Debug|x86
		{1DC267F2-1877-46D6-AF5E-F92EB286DFC4}.Debug|x86.Build.0 = Debug|x86
		{1DC267F2-1877-46D6-AF5E-F92EB286DFC4}.Release|Any CPU.ActiveCfg = Release|Any CPU
		{1DC267F2-1877-46D6-AF5E-F92EB286DFC4}.Release|Any CPU.Build.0 = Release|Any CPU
		{1DC267F2-1877-46D6-AF5E-F92EB286DFC4}.Release|Mixed Platforms.ActiveCfg = Release|Any CPU
		{1DC267F2-1877-46D6-AF5E-F92EB286DFC4}.Release|Mixed Platforms.Build.0 = Release|Any CPU
		{1DC267F2-1877-46D6-AF5E-F92EB286DFC4}.Release|x64.ActiveCfg = Release|Any CPU
		{1DC267F2-1877-46D6-AF5E-F92EB286DFC4}.Release|x64.Build.0 = Release|Any CPU
		{1DC267F2-1877-46D6-AF5E-F92EB286DFC4}.Release|x86.ActiveCfg = Release|x86
		{1DC267F2-1877-46D6-AF5E-F92EB286DFC4}.Release|x86.Build.0 = Release|x86
		{6385D11D-EC94-4F53-8B0D-5970BD97BA4B}.Debug|Any CPU.ActiveCfg = Debug|Any CPU
		{6385D11D-EC94-4F53-8B0D-5970BD97BA4B}.Debug|Mixed Platforms.ActiveCfg = Debug|Any CPU
		{6385D11D-EC94-4F53-8B0D-5970BD97BA4B}.Debug|x64.ActiveCfg = Debug|Any CPU
		{6385D11D-EC94-4F53-8B0D-5970BD97BA4B}.Debug|x86.ActiveCfg = Debug|Any CPU
		{6385D11D-EC94-4F53-8B0D-5970BD97BA4B}.Release|Any CPU.ActiveCfg = Debug|Any CPU
		{6385D11D-EC94-4F53-8B0D-5970BD97BA4B}.Release|Mixed Platforms.ActiveCfg = Debug|Any CPU
		{6385D11D-EC94-4F53-8B0D-5970BD97BA4B}.Release|Mixed Platforms.Build.0 = Debug|Any CPU
		{6385D11D-EC94-4F53-8B0D-5970BD97BA4B}.Release|x64.ActiveCfg = Debug|Any CPU
		{6385D11D-EC94-4F53-8B0D-5970BD97BA4B}.Release|x86.ActiveCfg = Debug|Any CPU
		{283FA80B-FCB4-4025-AEF1-E552A4714A22}.Debug|Any CPU.ActiveCfg = Debug|Any CPU
		{283FA80B-FCB4-4025-AEF1-E552A4714A22}.Debug|Any CPU.Build.0 = Debug|Any CPU
		{283FA80B-FCB4-4025-AEF1-E552A4714A22}.Debug|Mixed Platforms.ActiveCfg = Debug|x86
		{283FA80B-FCB4-4025-AEF1-E552A4714A22}.Debug|Mixed Platforms.Build.0 = Debug|x86
		{283FA80B-FCB4-4025-AEF1-E552A4714A22}.Debug|x64.ActiveCfg = Debug|x64
		{283FA80B-FCB4-4025-AEF1-E552A4714A22}.Debug|x64.Build.0 = Debug|x64
		{283FA80B-FCB4-4025-AEF1-E552A4714A22}.Debug|x86.ActiveCfg = Debug|x86
		{283FA80B-FCB4-4025-AEF1-E552A4714A22}.Debug|x86.Build.0 = Debug|x86
		{283FA80B-FCB4-4025-AEF1-E552A4714A22}.Release|Any CPU.ActiveCfg = Release|Any CPU
		{283FA80B-FCB4-4025-AEF1-E552A4714A22}.Release|Any CPU.Build.0 = Release|Any CPU
		{283FA80B-FCB4-4025-AEF1-E552A4714A22}.Release|Mixed Platforms.ActiveCfg = Release|x86
		{283FA80B-FCB4-4025-AEF1-E552A4714A22}.Release|Mixed Platforms.Build.0 = Release|x86
		{283FA80B-FCB4-4025-AEF1-E552A4714A22}.Release|x64.ActiveCfg = Release|x64
		{283FA80B-FCB4-4025-AEF1-E552A4714A22}.Release|x64.Build.0 = Release|x64
		{283FA80B-FCB4-4025-AEF1-E552A4714A22}.Release|x86.ActiveCfg = Release|x86
		{283FA80B-FCB4-4025-AEF1-E552A4714A22}.Release|x86.Build.0 = Release|x86
		{17881252-3182-46F3-B514-96F2BB2A9723}.Debug|Any CPU.ActiveCfg = Debug|Any CPU
		{17881252-3182-46F3-B514-96F2BB2A9723}.Debug|Any CPU.Build.0 = Debug|Any CPU
		{17881252-3182-46F3-B514-96F2BB2A9723}.Debug|Mixed Platforms.ActiveCfg = Debug|x86
		{17881252-3182-46F3-B514-96F2BB2A9723}.Debug|Mixed Platforms.Build.0 = Debug|x86
		{17881252-3182-46F3-B514-96F2BB2A9723}.Debug|x64.ActiveCfg = Debug|x64
		{17881252-3182-46F3-B514-96F2BB2A9723}.Debug|x64.Build.0 = Debug|x64
		{17881252-3182-46F3-B514-96F2BB2A9723}.Debug|x86.ActiveCfg = Debug|x86
		{17881252-3182-46F3-B514-96F2BB2A9723}.Debug|x86.Build.0 = Debug|x86
		{17881252-3182-46F3-B514-96F2BB2A9723}.Release|Any CPU.ActiveCfg = Release|Any CPU
		{17881252-3182-46F3-B514-96F2BB2A9723}.Release|Any CPU.Build.0 = Release|Any CPU
		{17881252-3182-46F3-B514-96F2BB2A9723}.Release|Mixed Platforms.ActiveCfg = Release|x86
		{17881252-3182-46F3-B514-96F2BB2A9723}.Release|Mixed Platforms.Build.0 = Release|x86
		{17881252-3182-46F3-B514-96F2BB2A9723}.Release|x64.ActiveCfg = Release|x64
		{17881252-3182-46F3-B514-96F2BB2A9723}.Release|x64.Build.0 = Release|x64
		{17881252-3182-46F3-B514-96F2BB2A9723}.Release|x86.ActiveCfg = Release|x86
		{17881252-3182-46F3-B514-96F2BB2A9723}.Release|x86.Build.0 = Release|x86
		{35B70C1B-09D0-4408-8803-050D953999AE}.Debug|Any CPU.ActiveCfg = Debug|Any CPU
		{35B70C1B-09D0-4408-8803-050D953999AE}.Debug|Any CPU.Build.0 = Debug|Any CPU
		{35B70C1B-09D0-4408-8803-050D953999AE}.Debug|Mixed Platforms.ActiveCfg = Debug|x86
		{35B70C1B-09D0-4408-8803-050D953999AE}.Debug|Mixed Platforms.Build.0 = Debug|x86
		{35B70C1B-09D0-4408-8803-050D953999AE}.Debug|x64.ActiveCfg = Debug|x64
		{35B70C1B-09D0-4408-8803-050D953999AE}.Debug|x64.Build.0 = Debug|x64
		{35B70C1B-09D0-4408-8803-050D953999AE}.Debug|x86.ActiveCfg = Debug|x86
		{35B70C1B-09D0-4408-8803-050D953999AE}.Debug|x86.Build.0 = Debug|x86
		{35B70C1B-09D0-4408-8803-050D953999AE}.Release|Any CPU.ActiveCfg = Release|Any CPU
		{35B70C1B-09D0-4408-8803-050D953999AE}.Release|Any CPU.Build.0 = Release|Any CPU
		{35B70C1B-09D0-4408-8803-050D953999AE}.Release|Mixed Platforms.ActiveCfg = Release|x86
		{35B70C1B-09D0-4408-8803-050D953999AE}.Release|Mixed Platforms.Build.0 = Release|x86
		{35B70C1B-09D0-4408-8803-050D953999AE}.Release|x64.ActiveCfg = Release|x64
		{35B70C1B-09D0-4408-8803-050D953999AE}.Release|x64.Build.0 = Release|x64
		{35B70C1B-09D0-4408-8803-050D953999AE}.Release|x86.ActiveCfg = Release|x86
		{35B70C1B-09D0-4408-8803-050D953999AE}.Release|x86.Build.0 = Release|x86
		{C3286EB8-9CA3-4892-AB91-4216BACD4B9D}.Debug|Any CPU.ActiveCfg = Debug|Any CPU
		{C3286EB8-9CA3-4892-AB91-4216BACD4B9D}.Debug|Any CPU.Build.0 = Debug|Any CPU
		{C3286EB8-9CA3-4892-AB91-4216BACD4B9D}.Debug|Mixed Platforms.ActiveCfg = Debug|x86
		{C3286EB8-9CA3-4892-AB91-4216BACD4B9D}.Debug|Mixed Platforms.Build.0 = Debug|x86
		{C3286EB8-9CA3-4892-AB91-4216BACD4B9D}.Debug|x64.ActiveCfg = Debug|x64
		{C3286EB8-9CA3-4892-AB91-4216BACD4B9D}.Debug|x64.Build.0 = Debug|x64
		{C3286EB8-9CA3-4892-AB91-4216BACD4B9D}.Debug|x86.ActiveCfg = Debug|x86
		{C3286EB8-9CA3-4892-AB91-4216BACD4B9D}.Debug|x86.Build.0 = Debug|x86
		{C3286EB8-9CA3-4892-AB91-4216BACD4B9D}.Release|Any CPU.ActiveCfg = Release|Any CPU
		{C3286EB8-9CA3-4892-AB91-4216BACD4B9D}.Release|Any CPU.Build.0 = Release|Any CPU
		{C3286EB8-9CA3-4892-AB91-4216BACD4B9D}.Release|Mixed Platforms.ActiveCfg = Release|x86
		{C3286EB8-9CA3-4892-AB91-4216BACD4B9D}.Release|Mixed Platforms.Build.0 = Release|x86
		{C3286EB8-9CA3-4892-AB91-4216BACD4B9D}.Release|x64.ActiveCfg = Release|x64
		{C3286EB8-9CA3-4892-AB91-4216BACD4B9D}.Release|x64.Build.0 = Release|x64
		{C3286EB8-9CA3-4892-AB91-4216BACD4B9D}.Release|x86.ActiveCfg = Release|x86
		{C3286EB8-9CA3-4892-AB91-4216BACD4B9D}.Release|x86.Build.0 = Release|x86
		{6003754E-7475-4DA3-BDD0-6AFDD9AAC60D}.Debug|Any CPU.ActiveCfg = Debug|Any CPU
		{6003754E-7475-4DA3-BDD0-6AFDD9AAC60D}.Debug|Any CPU.Build.0 = Debug|Any CPU
		{6003754E-7475-4DA3-BDD0-6AFDD9AAC60D}.Debug|Mixed Platforms.ActiveCfg = Debug|x86
		{6003754E-7475-4DA3-BDD0-6AFDD9AAC60D}.Debug|Mixed Platforms.Build.0 = Debug|x86
		{6003754E-7475-4DA3-BDD0-6AFDD9AAC60D}.Debug|x64.ActiveCfg = Debug|x64
		{6003754E-7475-4DA3-BDD0-6AFDD9AAC60D}.Debug|x64.Build.0 = Debug|x64
		{6003754E-7475-4DA3-BDD0-6AFDD9AAC60D}.Debug|x86.ActiveCfg = Debug|x86
		{6003754E-7475-4DA3-BDD0-6AFDD9AAC60D}.Debug|x86.Build.0 = Debug|x86
		{6003754E-7475-4DA3-BDD0-6AFDD9AAC60D}.Release|Any CPU.ActiveCfg = Release|Any CPU
		{6003754E-7475-4DA3-BDD0-6AFDD9AAC60D}.Release|Any CPU.Build.0 = Release|Any CPU
		{6003754E-7475-4DA3-BDD0-6AFDD9AAC60D}.Release|Mixed Platforms.ActiveCfg = Release|x86
		{6003754E-7475-4DA3-BDD0-6AFDD9AAC60D}.Release|Mixed Platforms.Build.0 = Release|x86
		{6003754E-7475-4DA3-BDD0-6AFDD9AAC60D}.Release|x64.ActiveCfg = Release|x64
		{6003754E-7475-4DA3-BDD0-6AFDD9AAC60D}.Release|x64.Build.0 = Release|x64
		{6003754E-7475-4DA3-BDD0-6AFDD9AAC60D}.Release|x86.ActiveCfg = Release|x86
		{6003754E-7475-4DA3-BDD0-6AFDD9AAC60D}.Release|x86.Build.0 = Release|x86
		{0A706125-BC3F-473E-8708-8BB2104E0C6B}.Debug|Any CPU.ActiveCfg = Debug|Any CPU
		{0A706125-BC3F-473E-8708-8BB2104E0C6B}.Debug|Any CPU.Build.0 = Debug|Any CPU
		{0A706125-BC3F-473E-8708-8BB2104E0C6B}.Debug|Mixed Platforms.ActiveCfg = Debug|x86
		{0A706125-BC3F-473E-8708-8BB2104E0C6B}.Debug|Mixed Platforms.Build.0 = Debug|x86
		{0A706125-BC3F-473E-8708-8BB2104E0C6B}.Debug|x64.ActiveCfg = Debug|x64
		{0A706125-BC3F-473E-8708-8BB2104E0C6B}.Debug|x64.Build.0 = Debug|x64
		{0A706125-BC3F-473E-8708-8BB2104E0C6B}.Debug|x86.ActiveCfg = Debug|x86
		{0A706125-BC3F-473E-8708-8BB2104E0C6B}.Debug|x86.Build.0 = Debug|x86
		{0A706125-BC3F-473E-8708-8BB2104E0C6B}.Release|Any CPU.ActiveCfg = Release|Any CPU
		{0A706125-BC3F-473E-8708-8BB2104E0C6B}.Release|Any CPU.Build.0 = Release|Any CPU
		{0A706125-BC3F-473E-8708-8BB2104E0C6B}.Release|Mixed Platforms.ActiveCfg = Release|x86
		{0A706125-BC3F-473E-8708-8BB2104E0C6B}.Release|Mixed Platforms.Build.0 = Release|x86
		{0A706125-BC3F-473E-8708-8BB2104E0C6B}.Release|x64.ActiveCfg = Release|x64
		{0A706125-BC3F-473E-8708-8BB2104E0C6B}.Release|x64.Build.0 = Release|x64
		{0A706125-BC3F-473E-8708-8BB2104E0C6B}.Release|x86.ActiveCfg = Release|x86
		{0A706125-BC3F-473E-8708-8BB2104E0C6B}.Release|x86.Build.0 = Release|x86
		{955A6F00-17CF-4CB4-97F7-B8E98E9B3297}.Debug|Any CPU.ActiveCfg = Debug|Any CPU
		{955A6F00-17CF-4CB4-97F7-B8E98E9B3297}.Debug|Any CPU.Build.0 = Debug|Any CPU
		{955A6F00-17CF-4CB4-97F7-B8E98E9B3297}.Debug|Mixed Platforms.ActiveCfg = Debug|x86
		{955A6F00-17CF-4CB4-97F7-B8E98E9B3297}.Debug|Mixed Platforms.Build.0 = Debug|x86
		{955A6F00-17CF-4CB4-97F7-B8E98E9B3297}.Debug|x64.ActiveCfg = Debug|x64
		{955A6F00-17CF-4CB4-97F7-B8E98E9B3297}.Debug|x64.Build.0 = Debug|x64
		{955A6F00-17CF-4CB4-97F7-B8E98E9B3297}.Debug|x86.ActiveCfg = Debug|x86
		{955A6F00-17CF-4CB4-97F7-B8E98E9B3297}.Debug|x86.Build.0 = Debug|x86
		{955A6F00-17CF-4CB4-97F7-B8E98E9B3297}.Release|Any CPU.ActiveCfg = Release|Any CPU
		{955A6F00-17CF-4CB4-97F7-B8E98E9B3297}.Release|Any CPU.Build.0 = Release|Any CPU
		{955A6F00-17CF-4CB4-97F7-B8E98E9B3297}.Release|Mixed Platforms.ActiveCfg = Release|x86
		{955A6F00-17CF-4CB4-97F7-B8E98E9B3297}.Release|Mixed Platforms.Build.0 = Release|x86
		{955A6F00-17CF-4CB4-97F7-B8E98E9B3297}.Release|x64.ActiveCfg = Release|x64
		{955A6F00-17CF-4CB4-97F7-B8E98E9B3297}.Release|x64.Build.0 = Release|x64
		{955A6F00-17CF-4CB4-97F7-B8E98E9B3297}.Release|x86.ActiveCfg = Release|x86
		{955A6F00-17CF-4CB4-97F7-B8E98E9B3297}.Release|x86.Build.0 = Release|x86
		{B89884F6-511B-466D-9338-51FC7A656792}.Debug|Any CPU.ActiveCfg = Debug|Any CPU
		{B89884F6-511B-466D-9338-51FC7A656792}.Debug|Any CPU.Build.0 = Debug|Any CPU
		{B89884F6-511B-466D-9338-51FC7A656792}.Debug|Mixed Platforms.ActiveCfg = Debug|x86
		{B89884F6-511B-466D-9338-51FC7A656792}.Debug|Mixed Platforms.Build.0 = Debug|x86
		{B89884F6-511B-466D-9338-51FC7A656792}.Debug|x64.ActiveCfg = Debug|x64
		{B89884F6-511B-466D-9338-51FC7A656792}.Debug|x64.Build.0 = Debug|x64
		{B89884F6-511B-466D-9338-51FC7A656792}.Debug|x86.ActiveCfg = Debug|x86
		{B89884F6-511B-466D-9338-51FC7A656792}.Debug|x86.Build.0 = Debug|x86
		{B89884F6-511B-466D-9338-51FC7A656792}.Release|Any CPU.ActiveCfg = Release|Any CPU
		{B89884F6-511B-466D-9338-51FC7A656792}.Release|Any CPU.Build.0 = Release|Any CPU
		{B89884F6-511B-466D-9338-51FC7A656792}.Release|Mixed Platforms.ActiveCfg = Release|x86
		{B89884F6-511B-466D-9338-51FC7A656792}.Release|Mixed Platforms.Build.0 = Release|x86
		{B89884F6-511B-466D-9338-51FC7A656792}.Release|x64.ActiveCfg = Release|x64
		{B89884F6-511B-466D-9338-51FC7A656792}.Release|x64.Build.0 = Release|x64
		{B89884F6-511B-466D-9338-51FC7A656792}.Release|x86.ActiveCfg = Release|x86
		{B89884F6-511B-466D-9338-51FC7A656792}.Release|x86.Build.0 = Release|x86
		{C4E2075D-D639-4808-96D4-E3B4A284EE5B}.Debug|Any CPU.ActiveCfg = Debug|Any CPU
		{C4E2075D-D639-4808-96D4-E3B4A284EE5B}.Debug|Any CPU.Build.0 = Debug|Any CPU
		{C4E2075D-D639-4808-96D4-E3B4A284EE5B}.Debug|Mixed Platforms.ActiveCfg = Debug|x86
		{C4E2075D-D639-4808-96D4-E3B4A284EE5B}.Debug|Mixed Platforms.Build.0 = Debug|x86
		{C4E2075D-D639-4808-96D4-E3B4A284EE5B}.Debug|x64.ActiveCfg = Debug|x64
		{C4E2075D-D639-4808-96D4-E3B4A284EE5B}.Debug|x64.Build.0 = Debug|x64
		{C4E2075D-D639-4808-96D4-E3B4A284EE5B}.Debug|x86.ActiveCfg = Debug|x86
		{C4E2075D-D639-4808-96D4-E3B4A284EE5B}.Debug|x86.Build.0 = Debug|x86
		{C4E2075D-D639-4808-96D4-E3B4A284EE5B}.Release|Any CPU.ActiveCfg = Release|Any CPU
		{C4E2075D-D639-4808-96D4-E3B4A284EE5B}.Release|Any CPU.Build.0 = Release|Any CPU
		{C4E2075D-D639-4808-96D4-E3B4A284EE5B}.Release|Mixed Platforms.ActiveCfg = Release|x86
		{C4E2075D-D639-4808-96D4-E3B4A284EE5B}.Release|Mixed Platforms.Build.0 = Release|x86
		{C4E2075D-D639-4808-96D4-E3B4A284EE5B}.Release|x64.ActiveCfg = Release|x64
		{C4E2075D-D639-4808-96D4-E3B4A284EE5B}.Release|x64.Build.0 = Release|x64
		{C4E2075D-D639-4808-96D4-E3B4A284EE5B}.Release|x86.ActiveCfg = Release|x86
		{C4E2075D-D639-4808-96D4-E3B4A284EE5B}.Release|x86.Build.0 = Release|x86
		{4EB73617-D43C-42DE-8E32-EF0002AA8E08}.Debug|Any CPU.ActiveCfg = Debug|Any CPU
		{4EB73617-D43C-42DE-8E32-EF0002AA8E08}.Debug|Any CPU.Build.0 = Debug|Any CPU
		{4EB73617-D43C-42DE-8E32-EF0002AA8E08}.Debug|Mixed Platforms.ActiveCfg = Debug|x86
		{4EB73617-D43C-42DE-8E32-EF0002AA8E08}.Debug|Mixed Platforms.Build.0 = Debug|x86
		{4EB73617-D43C-42DE-8E32-EF0002AA8E08}.Debug|x64.ActiveCfg = Debug|x64
		{4EB73617-D43C-42DE-8E32-EF0002AA8E08}.Debug|x64.Build.0 = Debug|x64
		{4EB73617-D43C-42DE-8E32-EF0002AA8E08}.Debug|x86.ActiveCfg = Debug|x86
		{4EB73617-D43C-42DE-8E32-EF0002AA8E08}.Debug|x86.Build.0 = Debug|x86
		{4EB73617-D43C-42DE-8E32-EF0002AA8E08}.Release|Any CPU.ActiveCfg = Release|Any CPU
		{4EB73617-D43C-42DE-8E32-EF0002AA8E08}.Release|Any CPU.Build.0 = Release|Any CPU
		{4EB73617-D43C-42DE-8E32-EF0002AA8E08}.Release|Mixed Platforms.ActiveCfg = Release|x86
		{4EB73617-D43C-42DE-8E32-EF0002AA8E08}.Release|Mixed Platforms.Build.0 = Release|x86
		{4EB73617-D43C-42DE-8E32-EF0002AA8E08}.Release|x64.ActiveCfg = Release|x64
		{4EB73617-D43C-42DE-8E32-EF0002AA8E08}.Release|x64.Build.0 = Release|x64
		{4EB73617-D43C-42DE-8E32-EF0002AA8E08}.Release|x86.ActiveCfg = Release|x86
		{4EB73617-D43C-42DE-8E32-EF0002AA8E08}.Release|x86.Build.0 = Release|x86
		{54F3AE72-03E5-4C42-87C2-67426A81BCCF}.Debug|Any CPU.ActiveCfg = Debug|Any CPU
		{54F3AE72-03E5-4C42-87C2-67426A81BCCF}.Debug|Any CPU.Build.0 = Debug|Any CPU
		{54F3AE72-03E5-4C42-87C2-67426A81BCCF}.Debug|Mixed Platforms.ActiveCfg = Debug|Any CPU
		{54F3AE72-03E5-4C42-87C2-67426A81BCCF}.Debug|Mixed Platforms.Build.0 = Debug|Any CPU
		{54F3AE72-03E5-4C42-87C2-67426A81BCCF}.Debug|x64.ActiveCfg = Debug|Any CPU
		{54F3AE72-03E5-4C42-87C2-67426A81BCCF}.Debug|x64.Build.0 = Debug|Any CPU
		{54F3AE72-03E5-4C42-87C2-67426A81BCCF}.Debug|x86.ActiveCfg = Debug|Any CPU
		{54F3AE72-03E5-4C42-87C2-67426A81BCCF}.Debug|x86.Build.0 = Debug|Any CPU
		{54F3AE72-03E5-4C42-87C2-67426A81BCCF}.Release|Any CPU.ActiveCfg = Release|Any CPU
		{54F3AE72-03E5-4C42-87C2-67426A81BCCF}.Release|Any CPU.Build.0 = Release|Any CPU
		{54F3AE72-03E5-4C42-87C2-67426A81BCCF}.Release|Mixed Platforms.ActiveCfg = Release|Any CPU
		{54F3AE72-03E5-4C42-87C2-67426A81BCCF}.Release|Mixed Platforms.Build.0 = Release|Any CPU
		{54F3AE72-03E5-4C42-87C2-67426A81BCCF}.Release|x64.ActiveCfg = Release|Any CPU
		{54F3AE72-03E5-4C42-87C2-67426A81BCCF}.Release|x64.Build.0 = Release|Any CPU
		{54F3AE72-03E5-4C42-87C2-67426A81BCCF}.Release|x86.ActiveCfg = Release|Any CPU
		{54F3AE72-03E5-4C42-87C2-67426A81BCCF}.Release|x86.Build.0 = Release|Any CPU
		{7302B19E-30EA-44DE-9D12-0C7DF10FB9A1}.Debug|Any CPU.ActiveCfg = Debug|Any CPU
		{7302B19E-30EA-44DE-9D12-0C7DF10FB9A1}.Debug|Any CPU.Build.0 = Debug|Any CPU
		{7302B19E-30EA-44DE-9D12-0C7DF10FB9A1}.Debug|Mixed Platforms.ActiveCfg = Debug|x86
		{7302B19E-30EA-44DE-9D12-0C7DF10FB9A1}.Debug|Mixed Platforms.Build.0 = Debug|x86
		{7302B19E-30EA-44DE-9D12-0C7DF10FB9A1}.Debug|x64.ActiveCfg = Debug|x64
		{7302B19E-30EA-44DE-9D12-0C7DF10FB9A1}.Debug|x64.Build.0 = Debug|x64
		{7302B19E-30EA-44DE-9D12-0C7DF10FB9A1}.Debug|x86.ActiveCfg = Debug|x86
		{7302B19E-30EA-44DE-9D12-0C7DF10FB9A1}.Debug|x86.Build.0 = Debug|x86
		{7302B19E-30EA-44DE-9D12-0C7DF10FB9A1}.Release|Any CPU.ActiveCfg = Release|Any CPU
		{7302B19E-30EA-44DE-9D12-0C7DF10FB9A1}.Release|Any CPU.Build.0 = Release|Any CPU
		{7302B19E-30EA-44DE-9D12-0C7DF10FB9A1}.Release|Mixed Platforms.ActiveCfg = Release|x86
		{7302B19E-30EA-44DE-9D12-0C7DF10FB9A1}.Release|Mixed Platforms.Build.0 = Release|x86
		{7302B19E-30EA-44DE-9D12-0C7DF10FB9A1}.Release|x64.ActiveCfg = Release|x64
		{7302B19E-30EA-44DE-9D12-0C7DF10FB9A1}.Release|x64.Build.0 = Release|x64
		{7302B19E-30EA-44DE-9D12-0C7DF10FB9A1}.Release|x86.ActiveCfg = Release|x86
		{7302B19E-30EA-44DE-9D12-0C7DF10FB9A1}.Release|x86.Build.0 = Release|x86
		{F348C282-12D2-4460-B46B-06DE8BCC4AC2}.Debug|Any CPU.ActiveCfg = Debug|Any CPU
		{F348C282-12D2-4460-B46B-06DE8BCC4AC2}.Debug|Any CPU.Build.0 = Debug|Any CPU
		{F348C282-12D2-4460-B46B-06DE8BCC4AC2}.Debug|Mixed Platforms.ActiveCfg = Debug|Any CPU
		{F348C282-12D2-4460-B46B-06DE8BCC4AC2}.Debug|Mixed Platforms.Build.0 = Debug|Any CPU
		{F348C282-12D2-4460-B46B-06DE8BCC4AC2}.Debug|x64.ActiveCfg = Debug|Any CPU
		{F348C282-12D2-4460-B46B-06DE8BCC4AC2}.Debug|x64.Build.0 = Debug|Any CPU
		{F348C282-12D2-4460-B46B-06DE8BCC4AC2}.Debug|x86.ActiveCfg = Debug|Any CPU
		{F348C282-12D2-4460-B46B-06DE8BCC4AC2}.Debug|x86.Build.0 = Debug|Any CPU
		{F348C282-12D2-4460-B46B-06DE8BCC4AC2}.Release|Any CPU.ActiveCfg = Release|Any CPU
		{F348C282-12D2-4460-B46B-06DE8BCC4AC2}.Release|Any CPU.Build.0 = Release|Any CPU
		{F348C282-12D2-4460-B46B-06DE8BCC4AC2}.Release|Mixed Platforms.ActiveCfg = Release|Any CPU
		{F348C282-12D2-4460-B46B-06DE8BCC4AC2}.Release|Mixed Platforms.Build.0 = Release|Any CPU
		{F348C282-12D2-4460-B46B-06DE8BCC4AC2}.Release|x64.ActiveCfg = Release|Any CPU
		{F348C282-12D2-4460-B46B-06DE8BCC4AC2}.Release|x64.Build.0 = Release|Any CPU
		{F348C282-12D2-4460-B46B-06DE8BCC4AC2}.Release|x86.ActiveCfg = Release|Any CPU
		{F348C282-12D2-4460-B46B-06DE8BCC4AC2}.Release|x86.Build.0 = Release|Any CPU
		{EFD64810-EF51-4C6C-88B3-47E8C0CF776E}.Debug|Any CPU.ActiveCfg = Debug|Any CPU
		{EFD64810-EF51-4C6C-88B3-47E8C0CF776E}.Debug|Any CPU.Build.0 = Debug|Any CPU
		{EFD64810-EF51-4C6C-88B3-47E8C0CF776E}.Debug|Mixed Platforms.ActiveCfg = Debug|Any CPU
		{EFD64810-EF51-4C6C-88B3-47E8C0CF776E}.Debug|Mixed Platforms.Build.0 = Debug|Any CPU
		{EFD64810-EF51-4C6C-88B3-47E8C0CF776E}.Debug|x64.ActiveCfg = Debug|Any CPU
		{EFD64810-EF51-4C6C-88B3-47E8C0CF776E}.Debug|x64.Build.0 = Debug|Any CPU
		{EFD64810-EF51-4C6C-88B3-47E8C0CF776E}.Debug|x86.ActiveCfg = Debug|Any CPU
		{EFD64810-EF51-4C6C-88B3-47E8C0CF776E}.Debug|x86.Build.0 = Debug|Any CPU
		{EFD64810-EF51-4C6C-88B3-47E8C0CF776E}.Release|Any CPU.ActiveCfg = Release|Any CPU
		{EFD64810-EF51-4C6C-88B3-47E8C0CF776E}.Release|Any CPU.Build.0 = Release|Any CPU
		{EFD64810-EF51-4C6C-88B3-47E8C0CF776E}.Release|Mixed Platforms.ActiveCfg = Release|Any CPU
		{EFD64810-EF51-4C6C-88B3-47E8C0CF776E}.Release|Mixed Platforms.Build.0 = Release|Any CPU
		{EFD64810-EF51-4C6C-88B3-47E8C0CF776E}.Release|x64.ActiveCfg = Release|Any CPU
		{EFD64810-EF51-4C6C-88B3-47E8C0CF776E}.Release|x64.Build.0 = Release|Any CPU
		{EFD64810-EF51-4C6C-88B3-47E8C0CF776E}.Release|x86.ActiveCfg = Release|Any CPU
		{EFD64810-EF51-4C6C-88B3-47E8C0CF776E}.Release|x86.Build.0 = Release|Any CPU
		{056D6B80-CCD1-4194-86E8-467FBF1A48AA}.Debug|Any CPU.ActiveCfg = Debug|Any CPU
		{056D6B80-CCD1-4194-86E8-467FBF1A48AA}.Debug|Any CPU.Build.0 = Debug|Any CPU
		{056D6B80-CCD1-4194-86E8-467FBF1A48AA}.Debug|Mixed Platforms.ActiveCfg = Debug|Any CPU
		{056D6B80-CCD1-4194-86E8-467FBF1A48AA}.Debug|Mixed Platforms.Build.0 = Debug|Any CPU
		{056D6B80-CCD1-4194-86E8-467FBF1A48AA}.Debug|x64.ActiveCfg = Debug|Any CPU
		{056D6B80-CCD1-4194-86E8-467FBF1A48AA}.Debug|x64.Build.0 = Debug|Any CPU
		{056D6B80-CCD1-4194-86E8-467FBF1A48AA}.Debug|x86.ActiveCfg = Debug|Any CPU
		{056D6B80-CCD1-4194-86E8-467FBF1A48AA}.Debug|x86.Build.0 = Debug|Any CPU
		{056D6B80-CCD1-4194-86E8-467FBF1A48AA}.Release|Any CPU.ActiveCfg = Release|Any CPU
		{056D6B80-CCD1-4194-86E8-467FBF1A48AA}.Release|Any CPU.Build.0 = Release|Any CPU
		{056D6B80-CCD1-4194-86E8-467FBF1A48AA}.Release|Mixed Platforms.ActiveCfg = Release|Any CPU
		{056D6B80-CCD1-4194-86E8-467FBF1A48AA}.Release|Mixed Platforms.Build.0 = Release|Any CPU
		{056D6B80-CCD1-4194-86E8-467FBF1A48AA}.Release|x64.ActiveCfg = Release|Any CPU
		{056D6B80-CCD1-4194-86E8-467FBF1A48AA}.Release|x64.Build.0 = Release|Any CPU
		{056D6B80-CCD1-4194-86E8-467FBF1A48AA}.Release|x86.ActiveCfg = Release|Any CPU
		{056D6B80-CCD1-4194-86E8-467FBF1A48AA}.Release|x86.Build.0 = Release|Any CPU
		{1C37228B-41B6-4309-B3D4-D8A05DD0DA18}.Debug|Any CPU.ActiveCfg = Debug|Any CPU
		{1C37228B-41B6-4309-B3D4-D8A05DD0DA18}.Debug|Any CPU.Build.0 = Debug|Any CPU
		{1C37228B-41B6-4309-B3D4-D8A05DD0DA18}.Debug|Mixed Platforms.ActiveCfg = Debug|Any CPU
		{1C37228B-41B6-4309-B3D4-D8A05DD0DA18}.Debug|Mixed Platforms.Build.0 = Debug|Any CPU
		{1C37228B-41B6-4309-B3D4-D8A05DD0DA18}.Debug|x64.ActiveCfg = Debug|Any CPU
		{1C37228B-41B6-4309-B3D4-D8A05DD0DA18}.Debug|x64.Build.0 = Debug|Any CPU
		{1C37228B-41B6-4309-B3D4-D8A05DD0DA18}.Debug|x86.ActiveCfg = Debug|Any CPU
		{1C37228B-41B6-4309-B3D4-D8A05DD0DA18}.Debug|x86.Build.0 = Debug|Any CPU
		{1C37228B-41B6-4309-B3D4-D8A05DD0DA18}.Release|Any CPU.ActiveCfg = Release|Any CPU
		{1C37228B-41B6-4309-B3D4-D8A05DD0DA18}.Release|Any CPU.Build.0 = Release|Any CPU
		{1C37228B-41B6-4309-B3D4-D8A05DD0DA18}.Release|Mixed Platforms.ActiveCfg = Release|Any CPU
		{1C37228B-41B6-4309-B3D4-D8A05DD0DA18}.Release|Mixed Platforms.Build.0 = Release|Any CPU
		{1C37228B-41B6-4309-B3D4-D8A05DD0DA18}.Release|x64.ActiveCfg = Release|Any CPU
		{1C37228B-41B6-4309-B3D4-D8A05DD0DA18}.Release|x64.Build.0 = Release|Any CPU
		{1C37228B-41B6-4309-B3D4-D8A05DD0DA18}.Release|x86.ActiveCfg = Release|Any CPU
		{1C37228B-41B6-4309-B3D4-D8A05DD0DA18}.Release|x86.Build.0 = Release|Any CPU
		{E784BD0B-D163-43A7-92F7-C65A3B1EC299}.Debug|Any CPU.ActiveCfg = Debug|Any CPU
		{E784BD0B-D163-43A7-92F7-C65A3B1EC299}.Debug|Any CPU.Build.0 = Debug|Any CPU
		{E784BD0B-D163-43A7-92F7-C65A3B1EC299}.Debug|Mixed Platforms.ActiveCfg = Debug|Any CPU
		{E784BD0B-D163-43A7-92F7-C65A3B1EC299}.Debug|Mixed Platforms.Build.0 = Debug|Any CPU
		{E784BD0B-D163-43A7-92F7-C65A3B1EC299}.Debug|x64.ActiveCfg = Debug|Any CPU
		{E784BD0B-D163-43A7-92F7-C65A3B1EC299}.Debug|x64.Build.0 = Debug|Any CPU
		{E784BD0B-D163-43A7-92F7-C65A3B1EC299}.Debug|x86.ActiveCfg = Debug|Any CPU
		{E784BD0B-D163-43A7-92F7-C65A3B1EC299}.Debug|x86.Build.0 = Debug|Any CPU
		{E784BD0B-D163-43A7-92F7-C65A3B1EC299}.Release|Any CPU.ActiveCfg = Release|Any CPU
		{E784BD0B-D163-43A7-92F7-C65A3B1EC299}.Release|Any CPU.Build.0 = Release|Any CPU
		{E784BD0B-D163-43A7-92F7-C65A3B1EC299}.Release|Mixed Platforms.ActiveCfg = Release|Any CPU
		{E784BD0B-D163-43A7-92F7-C65A3B1EC299}.Release|Mixed Platforms.Build.0 = Release|Any CPU
		{E784BD0B-D163-43A7-92F7-C65A3B1EC299}.Release|x64.ActiveCfg = Release|Any CPU
		{E784BD0B-D163-43A7-92F7-C65A3B1EC299}.Release|x64.Build.0 = Release|Any CPU
		{E784BD0B-D163-43A7-92F7-C65A3B1EC299}.Release|x86.ActiveCfg = Release|Any CPU
		{E784BD0B-D163-43A7-92F7-C65A3B1EC299}.Release|x86.Build.0 = Release|Any CPU
		{600D29E1-4CBD-4A63-B4AA-FE4E4DE436DE}.Debug|Any CPU.ActiveCfg = Debug|Any CPU
		{600D29E1-4CBD-4A63-B4AA-FE4E4DE436DE}.Debug|Any CPU.Build.0 = Debug|Any CPU
		{600D29E1-4CBD-4A63-B4AA-FE4E4DE436DE}.Debug|Mixed Platforms.ActiveCfg = Debug|Any CPU
		{600D29E1-4CBD-4A63-B4AA-FE4E4DE436DE}.Debug|Mixed Platforms.Build.0 = Debug|Any CPU
		{600D29E1-4CBD-4A63-B4AA-FE4E4DE436DE}.Debug|x64.ActiveCfg = Debug|Any CPU
		{600D29E1-4CBD-4A63-B4AA-FE4E4DE436DE}.Debug|x64.Build.0 = Debug|Any CPU
		{600D29E1-4CBD-4A63-B4AA-FE4E4DE436DE}.Debug|x86.ActiveCfg = Debug|Any CPU
		{600D29E1-4CBD-4A63-B4AA-FE4E4DE436DE}.Debug|x86.Build.0 = Debug|Any CPU
		{600D29E1-4CBD-4A63-B4AA-FE4E4DE436DE}.Release|Any CPU.ActiveCfg = Release|Any CPU
		{600D29E1-4CBD-4A63-B4AA-FE4E4DE436DE}.Release|Any CPU.Build.0 = Release|Any CPU
		{600D29E1-4CBD-4A63-B4AA-FE4E4DE436DE}.Release|Mixed Platforms.ActiveCfg = Release|Any CPU
		{600D29E1-4CBD-4A63-B4AA-FE4E4DE436DE}.Release|Mixed Platforms.Build.0 = Release|Any CPU
		{600D29E1-4CBD-4A63-B4AA-FE4E4DE436DE}.Release|x64.ActiveCfg = Release|Any CPU
		{600D29E1-4CBD-4A63-B4AA-FE4E4DE436DE}.Release|x64.Build.0 = Release|Any CPU
		{600D29E1-4CBD-4A63-B4AA-FE4E4DE436DE}.Release|x86.ActiveCfg = Release|Any CPU
		{600D29E1-4CBD-4A63-B4AA-FE4E4DE436DE}.Release|x86.Build.0 = Release|Any CPU
		{4BBA7329-9AB3-48B8-AA2E-9696BD60B2EF}.Debug|Any CPU.ActiveCfg = Debug|Any CPU
		{4BBA7329-9AB3-48B8-AA2E-9696BD60B2EF}.Debug|Any CPU.Build.0 = Debug|Any CPU
		{4BBA7329-9AB3-48B8-AA2E-9696BD60B2EF}.Debug|Mixed Platforms.ActiveCfg = Debug|Any CPU
		{4BBA7329-9AB3-48B8-AA2E-9696BD60B2EF}.Debug|Mixed Platforms.Build.0 = Debug|Any CPU
		{4BBA7329-9AB3-48B8-AA2E-9696BD60B2EF}.Debug|x64.ActiveCfg = Debug|Any CPU
		{4BBA7329-9AB3-48B8-AA2E-9696BD60B2EF}.Debug|x64.Build.0 = Debug|Any CPU
		{4BBA7329-9AB3-48B8-AA2E-9696BD60B2EF}.Debug|x86.ActiveCfg = Debug|Any CPU
		{4BBA7329-9AB3-48B8-AA2E-9696BD60B2EF}.Debug|x86.Build.0 = Debug|Any CPU
		{4BBA7329-9AB3-48B8-AA2E-9696BD60B2EF}.Release|Any CPU.ActiveCfg = Release|Any CPU
		{4BBA7329-9AB3-48B8-AA2E-9696BD60B2EF}.Release|Any CPU.Build.0 = Release|Any CPU
		{4BBA7329-9AB3-48B8-AA2E-9696BD60B2EF}.Release|Mixed Platforms.ActiveCfg = Release|Any CPU
		{4BBA7329-9AB3-48B8-AA2E-9696BD60B2EF}.Release|Mixed Platforms.Build.0 = Release|Any CPU
		{4BBA7329-9AB3-48B8-AA2E-9696BD60B2EF}.Release|x64.ActiveCfg = Release|Any CPU
		{4BBA7329-9AB3-48B8-AA2E-9696BD60B2EF}.Release|x64.Build.0 = Release|Any CPU
		{4BBA7329-9AB3-48B8-AA2E-9696BD60B2EF}.Release|x86.ActiveCfg = Release|Any CPU
		{4BBA7329-9AB3-48B8-AA2E-9696BD60B2EF}.Release|x86.Build.0 = Release|Any CPU
	EndGlobalSection
	GlobalSection(SolutionProperties) = preSolution
		HideSolutionNode = FALSE
	EndGlobalSection
	GlobalSection(NestedProjects) = preSolution
		{BAF66DC1-E394-4424-80ED-4E6C35E99B89} = {E5C2DD08-2405-436F-96B2-FCF555733FEE}
		{1DC267F2-1877-46D6-AF5E-F92EB286DFC4} = {4AC82135-2C9D-4761-AB42-F9A51695C0DD}
		{6385D11D-EC94-4F53-8B0D-5970BD97BA4B} = {E5C2DD08-2405-436F-96B2-FCF555733FEE}
		{283FA80B-FCB4-4025-AEF1-E552A4714A22} = {6D4A10F1-1D86-4B2D-A959-651F8FF2C927}
		{17881252-3182-46F3-B514-96F2BB2A9723} = {6D4A10F1-1D86-4B2D-A959-651F8FF2C927}
		{35B70C1B-09D0-4408-8803-050D953999AE} = {0769734A-E75B-4846-AD15-B4922E600B10}
		{C3286EB8-9CA3-4892-AB91-4216BACD4B9D} = {0769734A-E75B-4846-AD15-B4922E600B10}
		{6003754E-7475-4DA3-BDD0-6AFDD9AAC60D} = {54EDF4B3-0590-4368-9036-6C946CB9E46C}
		{0A706125-BC3F-473E-8708-8BB2104E0C6B} = {54EDF4B3-0590-4368-9036-6C946CB9E46C}
		{955A6F00-17CF-4CB4-97F7-B8E98E9B3297} = {54EDF4B3-0590-4368-9036-6C946CB9E46C}
		{B89884F6-511B-466D-9338-51FC7A656792} = {54EDF4B3-0590-4368-9036-6C946CB9E46C}
		{C4E2075D-D639-4808-96D4-E3B4A284EE5B} = {54EDF4B3-0590-4368-9036-6C946CB9E46C}
		{4EB73617-D43C-42DE-8E32-EF0002AA8E08} = {0769734A-E75B-4846-AD15-B4922E600B10}
		{54F3AE72-03E5-4C42-87C2-67426A81BCCF} = {0769734A-E75B-4846-AD15-B4922E600B10}
		{7302B19E-30EA-44DE-9D12-0C7DF10FB9A1} = {6D4A10F1-1D86-4B2D-A959-651F8FF2C927}
		{F348C282-12D2-4460-B46B-06DE8BCC4AC2} = {6D4A10F1-1D86-4B2D-A959-651F8FF2C927}
		{EFD64810-EF51-4C6C-88B3-47E8C0CF776E} = {54EDF4B3-0590-4368-9036-6C946CB9E46C}
		{056D6B80-CCD1-4194-86E8-467FBF1A48AA} = {54EDF4B3-0590-4368-9036-6C946CB9E46C}
		{1C37228B-41B6-4309-B3D4-D8A05DD0DA18} = {54EDF4B3-0590-4368-9036-6C946CB9E46C}
		{E784BD0B-D163-43A7-92F7-C65A3B1EC299} = {54EDF4B3-0590-4368-9036-6C946CB9E46C}
		{600D29E1-4CBD-4A63-B4AA-FE4E4DE436DE} = {0769734A-E75B-4846-AD15-B4922E600B10}
		{4BBA7329-9AB3-48B8-AA2E-9696BD60B2EF} = {6D4A10F1-1D86-4B2D-A959-651F8FF2C927}
	EndGlobalSection
	GlobalSection(ExtensibilityGlobals) = postSolution
		SolutionGuid = {083FF040-6253-4F03-B629-AA7A4C9F848B}
	EndGlobalSection
	GlobalSection(SubversionScc) = preSolution
		Svn-Managed = True
		Manager = AnkhSVN - Subversion Support for Visual Studio
	EndGlobalSection
EndGlobal
